
Microsoft Visual Studio Solution File, Format Version 12.00
# Visual Studio Version 16
VisualStudioVersion = 16.0.28803.156
MinimumVisualStudioVersion = 10.0.40219.1
Project("{FAE04EC0-301F-11D3-BF4B-00C04F79EFBC}") = "WebApplication1", "WebApplication1\WebApplication1.csproj", "{33EC0784-4DCC-4CB7-ADBC-284D6256A2A1}"
EndProject
Global
	GlobalSection(SolutionConfigurationPlatforms) = preSolution
		Debug|Any CPU = Debug|Any CPU
		Release|Any CPU = Release|Any CPU
	EndGlobalSection
	GlobalSection(ProjectConfigurationPlatforms) = postSolution
		{33EC0784-4DCC-4CB7-ADBC-284D6256A2A1}.Debug|Any CPU.ActiveCfg = Debug|Any CPU
		{33EC0784-4DCC-4CB7-ADBC-284D6256A2A1}.Debug|Any CPU.Build.0 = Debug|Any CPU
		{33EC0784-4DCC-4CB7-ADBC-284D6256A2A1}.Release|Any CPU.ActiveCfg = Release|Any CPU
		{33EC0784-4DCC-4CB7-ADBC-284D6256A2A1}.Release|Any CPU.Build.0 = Release|Any CPU
	EndGlobalSection
	GlobalSection(SolutionProperties) = preSolution
		HideSolutionNode = FALSE
	EndGlobalSection
	GlobalSection(ExtensibilityGlobals) = postSolution
		SolutionGuid = {592C730F-A917-4421-A355-0635CE2A80B2}
	EndGlobalSection
EndGlobal
